
Microsoft Visual Studio Solution File, Format Version 12.00
# Visual Studio Version 16
VisualStudioVersion = 16.0.29215.179
MinimumVisualStudioVersion = 10.0.40219.1
Project("{FAE04EC0-301F-11D3-BF4B-00C04F79EFBC}") = "viikko39", "viikko39\viikko39.csproj", "{5C72B3DA-D3BC-48F5-872C-3EC2409D2F99}"
EndProject
Global
	GlobalSection(SolutionConfigurationPlatforms) = preSolution
		Debug|Any CPU = Debug|Any CPU
		Release|Any CPU = Release|Any CPU
	EndGlobalSection
	GlobalSection(ProjectConfigurationPlatforms) = postSolution
		{5C72B3DA-D3BC-48F5-872C-3EC2409D2F99}.Debug|Any CPU.ActiveCfg = Debug|Any CPU
		{5C72B3DA-D3BC-48F5-872C-3EC2409D2F99}.Debug|Any CPU.Build.0 = Debug|Any CPU
		{5C72B3DA-D3BC-48F5-872C-3EC2409D2F99}.Release|Any CPU.ActiveCfg = Release|Any CPU
		{5C72B3DA-D3BC-48F5-872C-3EC2409D2F99}.Release|Any CPU.Build.0 = Release|Any CPU
	EndGlobalSection
	GlobalSection(SolutionProperties) = preSolution
		HideSolutionNode = FALSE
	EndGlobalSection
	GlobalSection(ExtensibilityGlobals) = postSolution
		SolutionGuid = {6173B633-9898-4E15-B28C-AD991EF423EE}
	EndGlobalSection
EndGlobal
