
Microsoft Visual Studio Solution File, Format Version 12.00
# Visual Studio Version 16
VisualStudioVersion = 16.0.29215.179
MinimumVisualStudioVersion = 10.0.40219.1
Project("{FAE04EC0-301F-11D3-BF4B-00C04F79EFBC}") = "viikko37", "viikko37\viikko37.csproj", "{1A9D33E7-B9B1-4DF1-8BBC-C127F86E992B}"
EndProject
Global
	GlobalSection(SolutionConfigurationPlatforms) = preSolution
		Debug|Any CPU = Debug|Any CPU
		Release|Any CPU = Release|Any CPU
	EndGlobalSection
	GlobalSection(ProjectConfigurationPlatforms) = postSolution
		{1A9D33E7-B9B1-4DF1-8BBC-C127F86E992B}.Debug|Any CPU.ActiveCfg = Debug|Any CPU
		{1A9D33E7-B9B1-4DF1-8BBC-C127F86E992B}.Debug|Any CPU.Build.0 = Debug|Any CPU
		{1A9D33E7-B9B1-4DF1-8BBC-C127F86E992B}.Release|Any CPU.ActiveCfg = Release|Any CPU
		{1A9D33E7-B9B1-4DF1-8BBC-C127F86E992B}.Release|Any CPU.Build.0 = Release|Any CPU
	EndGlobalSection
	GlobalSection(SolutionProperties) = preSolution
		HideSolutionNode = FALSE
	EndGlobalSection
	GlobalSection(ExtensibilityGlobals) = postSolution
		SolutionGuid = {BC23CBC2-F825-4CD1-A34A-6F9235A65FD7}
	EndGlobalSection
EndGlobal
